
Microsoft Visual Studio Solution File, Format Version 12.00
# Visual Studio Version 17
VisualStudioVersion = 17.2.32602.215
MinimumVisualStudioVersion = 10.0.40219.1
Project("{FAE04EC0-301F-11D3-BF4B-00C04F79EFBC}") = "docu_api", "docu_api.csproj", "{102CF15E-8726-4225-9E93-01533E10BC66}"
EndProject
Global
	GlobalSection(SolutionConfigurationPlatforms) = preSolution
		Debug|Any CPU = Debug|Any CPU
		Release|Any CPU = Release|Any CPU
	EndGlobalSection
	GlobalSection(ProjectConfigurationPlatforms) = postSolution
		{102CF15E-8726-4225-9E93-01533E10BC66}.Debug|Any CPU.ActiveCfg = Debug|Any CPU
		{102CF15E-8726-4225-9E93-01533E10BC66}.Debug|Any CPU.Build.0 = Debug|Any CPU
		{102CF15E-8726-4225-9E93-01533E10BC66}.Release|Any CPU.ActiveCfg = Release|Any CPU
		{102CF15E-8726-4225-9E93-01533E10BC66}.Release|Any CPU.Build.0 = Release|Any CPU
	EndGlobalSection
	GlobalSection(SolutionProperties) = preSolution
		HideSolutionNode = FALSE
	EndGlobalSection
	GlobalSection(ExtensibilityGlobals) = postSolution
		SolutionGuid = {E58537D4-FF01-4AB2-9601-2591225512FB}
	EndGlobalSection
EndGlobal
